{
  "version": 4,
  "terraform_version": "1.0.10",
  "serial": 72,
  "lineage": "4fc27c8e-c0d4-b219-2b0e-3e1c06716d11",
  "outputs": {},
  "resources": [
    {
      "mode": "data",
      "type": "google_client_config",
      "name": "current",
      "provider": "provider[\"registry.terraform.io/hashicorp/google\"]",
      "instances": [
        {
          "schema_version": 0,
          "attributes": {
            "access_token": "ya29.a0ARrdaM-YyDQr9vIr0O7oX3KtsBndw2Duc-rts_QjEwEIzJNL2WMOlxGwnQyFY-l4s2pXGrZ8i3bvJkku8R1ZoJSe9NMP4GqRdKwEosmo1PvYre49Wsagu2qjX9RBlb3g_extNQpT5SZUvM1ef5efTsv4eU2q4RkIx6-U_YEA_Wn8gBQJdoQqSsRgufilS2QFYCyuyZ5zpx5JwZDe4xVJjb36DacRy2gExgXrcnfozdjLsFQxqJktqDY0Wpw7YXHxaYOl2Pk",
            "id": "projects/digital-maker-333106/regions/us-west1/zones/",
            "project": "digital-maker-333106",
            "region": "us-west1",
            "zone": ""
          },
          "sensitive_attributes": []
        }
      ]
    },
    {
      "mode": "data",
      "type": "google_container_engine_versions",
      "name": "default",
      "provider": "provider[\"registry.terraform.io/hashicorp/google\"]",
      "instances": [
        {
          "schema_version": 0,
          "attributes": {
            "default_cluster_version": "1.21.5-gke.1302",
            "id": "2021-12-01 07:25:35.665777695 +0000 UTC",
            "latest_master_version": "1.21.6-gke.1500",
            "latest_node_version": "1.21.6-gke.1500",
            "location": "us-west1-b",
            "project": null,
            "release_channel_default_version": {
              "RAPID": "1.21.5-gke.1802",
              "REGULAR": "1.21.5-gke.1302",
              "STABLE": "1.20.10-gke.1600"
            },
            "valid_master_versions": [
              "1.21.6-gke.1500",
              "1.21.5-gke.1802",
              "1.21.5-gke.1302",
              "1.21.5-gke.1300",
              "1.21.4-gke.2302",
              "1.21.4-gke.2300",
              "1.21.3-gke.2003",
              "1.20.12-gke.1500",
              "1.20.11-gke.1801",
              "1.20.11-gke.1300",
              "1.20.10-gke.2100",
              "1.20.10-gke.1600",
              "1.19.16-gke.1500",
              "1.19.15-gke.1801",
              "1.19.15-gke.1300",
              "1.19.15-gke.500",
              "1.19.14-gke.2300",
              "1.19.14-gke.1900",
              "1.19.14-gke.301",
              "1.19.13-gke.1900"
            ],
            "valid_node_versions": [
              "1.21.6-gke.1500",
              "1.21.5-gke.1802",
              "1.21.5-gke.1302",
              "1.21.5-gke.1300",
              "1.21.4-gke.2302",
              "1.21.4-gke.2300",
              "1.21.3-gke.2003",
              "1.21.3-gke.2001",
              "1.20.12-gke.1500",
              "1.20.11-gke.1801",
              "1.20.11-gke.1300",
              "1.20.10-gke.2100",
              "1.20.10-gke.1600",
              "1.20.10-gke.301",
              "1.20.9-gke.2100",
              "1.20.9-gke.1001",
              "1.20.9-gke.1000",
              "1.20.9-gke.701",
              "1.20.9-gke.700",
              "1.20.8-gke.2101",
              "1.20.8-gke.2100",
              "1.20.8-gke.900",
              "1.20.8-gke.700",
              "1.20.7-gke.2200",
              "1.20.7-gke.1800",
              "1.20.6-gke.1400",
              "1.20.6-gke.1000",
              "1.19.16-gke.1500",
              "1.19.15-gke.1801",
              "1.19.15-gke.1300",
              "1.19.15-gke.500",
              "1.19.14-gke.2300",
              "1.19.14-gke.1900",
              "1.19.14-gke.301",
              "1.19.14-gke.300",
              "1.19.13-gke.1900",
              "1.19.13-gke.1200",
              "1.19.13-gke.701",
              "1.19.13-gke.700",
              "1.19.12-gke.2101",
              "1.19.12-gke.2100",
              "1.19.12-gke.1100",
              "1.19.12-gke.900",
              "1.19.12-gke.700",
              "1.19.11-gke.2101",
              "1.19.11-gke.2100",
              "1.19.11-gke.1701",
              "1.19.11-gke.1700",
              "1.19.10-gke.1701",
              "1.19.10-gke.1700",
              "1.19.10-gke.1601",
              "1.19.10-gke.1600",
              "1.19.10-gke.1001",
              "1.19.10-gke.1000",
              "1.19.9-gke.1900",
              "1.19.9-gke.1400",
              "1.19.9-gke.700",
              "1.19.9-gke.100",
              "1.19.8-gke.2000",
              "1.19.8-gke.1600",
              "1.19.8-gke.1000",
              "1.19.7-gke.2503",
              "1.19.7-gke.1500",
              "1.19.7-gke.1302",
              "1.19.7-gke.800",
              "1.19.6-gke.1700",
              "1.19.6-gke.1100",
              "1.19.6-gke.600",
              "1.18.20-gke.6000",
              "1.18.20-gke.4501",
              "1.18.20-gke.4500",
              "1.18.20-gke.4100",
              "1.18.20-gke.3300",
              "1.18.20-gke.3001",
              "1.18.20-gke.3000",
              "1.18.20-gke.2300",
              "1.18.20-gke.901",
              "1.18.20-gke.900",
              "1.18.20-gke.501",
              "1.18.19-gke.2101",
              "1.18.19-gke.2100",
              "1.18.19-gke.1701",
              "1.18.19-gke.1700",
              "1.18.18-gke.1701",
              "1.18.18-gke.1700",
              "1.18.18-gke.1101",
              "1.18.18-gke.1100",
              "1.18.17-gke.1901",
              "1.18.17-gke.1900",
              "1.18.17-gke.1201",
              "1.18.17-gke.1200",
              "1.18.17-gke.700",
              "1.18.17-gke.100",
              "1.18.16-gke.2100",
              "1.18.16-gke.1201",
              "1.18.16-gke.1200",
              "1.18.16-gke.502",
              "1.18.16-gke.500",
              "1.18.16-gke.302",
              "1.18.16-gke.300",
              "1.18.15-gke.2500",
              "1.18.15-gke.1502",
              "1.18.15-gke.1501",
              "1.18.15-gke.1500",
              "1.18.15-gke.1102",
              "1.18.15-gke.1100",
              "1.18.15-gke.800",
              "1.18.14-gke.1600",
              "1.18.14-gke.1200",
              "1.18.12-gke.1210",
              "1.18.12-gke.1206",
              "1.18.12-gke.1205",
              "1.18.12-gke.1201",
              "1.18.12-gke.1200",
              "1.18.12-gke.300",
              "1.18.10-gke.2701",
              "1.18.10-gke.2101",
              "1.18.10-gke.1500",
              "1.18.10-gke.601",
              "1.18.9-gke.2501",
              "1.18.9-gke.1501",
              "1.18.9-gke.801",
              "1.18.6-gke.4801",
              "1.18.6-gke.3504",
              "1.18.6-gke.3503",
              "1.17.17-gke.9100",
              "1.17.17-gke.8500",
              "1.17.17-gke.8200",
              "1.17.17-gke.7800",
              "1.17.17-gke.7200",
              "1.17.17-gke.6700",
              "1.17.17-gke.6000",
              "1.17.17-gke.5400",
              "1.17.17-gke.4900",
              "1.17.17-gke.4400",
              "1.17.17-gke.3700",
              "1.17.17-gke.3000",
              "1.17.17-gke.2800",
              "1.17.17-gke.2500",
              "1.17.17-gke.1500",
              "1.17.17-gke.1101",
              "1.17.17-gke.1100",
              "1.17.17-gke.600",
              "1.17.16-gke.1600",
              "1.17.16-gke.1300",
              "1.17.15-gke.800",
              "1.17.15-gke.300",
              "1.17.14-gke.1600",
              "1.17.14-gke.1200",
              "1.17.14-gke.400",
              "1.17.13-gke.2600",
              "1.17.13-gke.2001",
              "1.17.13-gke.1401",
              "1.17.13-gke.1400",
              "1.17.13-gke.600",
              "1.17.12-gke.2502",
              "1.17.12-gke.1504",
              "1.17.12-gke.1501",
              "1.17.12-gke.500",
              "1.17.9-gke.6300",
              "1.17.9-gke.1504",
              "1.16.15-gke.14800",
              "1.16.15-gke.12500",
              "1.16.15-gke.11800",
              "1.16.15-gke.10600",
              "1.16.15-gke.7801",
              "1.16.15-gke.7800",
              "1.16.15-gke.7300",
              "1.16.15-gke.6900",
              "1.16.15-gke.6000",
              "1.16.15-gke.5500",
              "1.16.15-gke.4901",
              "1.16.15-gke.4301",
              "1.16.15-gke.4300",
              "1.16.15-gke.3500",
              "1.16.15-gke.2601",
              "1.16.15-gke.1600",
              "1.16.15-gke.500",
              "1.16.13-gke.404",
              "1.16.13-gke.403",
              "1.16.13-gke.401",
              "1.16.13-gke.400",
              "1.16.13-gke.1",
              "1.16.11-gke.5",
              "1.16.10-gke.8",
              "1.16.9-gke.6",
              "1.16.9-gke.2",
              "1.16.8-gke.15",
              "1.16.8-gke.12",
              "1.16.8-gke.9",
              "1.15.12-gke.6002",
              "1.15.12-gke.6001",
              "1.15.12-gke.5000",
              "1.15.12-gke.4002",
              "1.15.12-gke.4000",
              "1.15.12-gke.20",
              "1.15.12-gke.17",
              "1.15.12-gke.16",
              "1.15.12-gke.13",
              "1.15.12-gke.9",
              "1.15.12-gke.6",
              "1.15.12-gke.3",
              "1.15.12-gke.2",
              "1.15.11-gke.17",
              "1.15.11-gke.15",
              "1.15.11-gke.13",
              "1.15.11-gke.12",
              "1.15.11-gke.11",
              "1.15.11-gke.9",
              "1.15.11-gke.5",
              "1.15.11-gke.3",
              "1.15.11-gke.1",
              "1.15.9-gke.26",
              "1.15.9-gke.24",
              "1.15.9-gke.22",
              "1.15.9-gke.12",
              "1.15.9-gke.9",
              "1.15.9-gke.8",
              "1.15.8-gke.3",
              "1.15.8-gke.2",
              "1.15.7-gke.23",
              "1.15.7-gke.2",
              "1.15.4-gke.22",
              "1.14.10-gke.1504",
              "1.14.10-gke.902",
              "1.14.10-gke.50",
              "1.14.10-gke.46",
              "1.14.10-gke.45",
              "1.14.10-gke.42",
              "1.14.10-gke.41",
              "1.14.10-gke.40",
              "1.14.10-gke.37",
              "1.14.10-gke.36",
              "1.14.10-gke.34",
              "1.14.10-gke.32",
              "1.14.10-gke.31",
              "1.14.10-gke.27",
              "1.14.10-gke.24",
              "1.14.10-gke.22",
              "1.14.10-gke.21",
              "1.14.10-gke.17",
              "1.14.10-gke.0",
              "1.14.9-gke.23",
              "1.14.9-gke.2",
              "1.14.9-gke.0",
              "1.14.8-gke.33",
              "1.14.8-gke.21",
              "1.14.8-gke.18",
              "1.14.8-gke.17",
              "1.14.8-gke.14",
              "1.14.8-gke.12",
              "1.14.8-gke.7",
              "1.14.8-gke.2",
              "1.14.7-gke.40",
              "1.14.7-gke.25",
              "1.14.7-gke.23",
              "1.14.7-gke.17",
              "1.14.7-gke.14",
              "1.14.7-gke.10",
              "1.14.6-gke.13",
              "1.14.6-gke.2",
              "1.14.6-gke.1",
              "1.14.3-gke.11",
              "1.14.3-gke.10",
              "1.14.3-gke.9",
              "1.14.2-gke.9",
              "1.14.1-gke.5",
              "1.13.12-gke.30",
              "1.13.12-gke.25",
              "1.13.12-gke.17",
              "1.13.12-gke.16",
              "1.13.12-gke.14",
              "1.13.12-gke.13",
              "1.13.12-gke.10",
              "1.13.12-gke.8",
              "1.13.12-gke.4",
              "1.13.12-gke.2",
              "1.13.11-gke.23",
              "1.13.11-gke.15",
              "1.13.11-gke.14",
              "1.13.11-gke.12",
              "1.13.11-gke.11",
              "1.13.11-gke.9",
              "1.13.11-gke.5",
              "1.13.10-gke.7",
              "1.13.10-gke.0",
              "1.13.9-gke.11",
              "1.13.9-gke.3",
              "1.13.7-gke.24",
              "1.13.7-gke.19",
              "1.13.7-gke.15",
              "1.13.7-gke.8",
              "1.13.7-gke.0",
              "1.13.6-gke.13",
              "1.13.6-gke.6",
              "1.13.6-gke.5",
              "1.13.6-gke.0",
              "1.13.5-gke.10",
              "1.12.10-gke.22",
              "1.12.10-gke.20",
              "1.12.10-gke.19",
              "1.12.10-gke.18",
              "1.12.10-gke.17",
              "1.12.10-gke.15",
              "1.12.10-gke.13",
              "1.12.10-gke.11",
              "1.12.10-gke.5",
              "1.12.9-gke.16",
              "1.12.9-gke.15",
              "1.12.9-gke.13",
              "1.12.9-gke.10",
              "1.12.9-gke.7",
              "1.12.9-gke.3",
              "1.12.8-gke.12",
              "1.12.8-gke.10",
              "1.12.8-gke.7",
              "1.12.8-gke.6",
              "1.12.7-gke.26",
              "1.12.7-gke.25",
              "1.12.7-gke.24",
              "1.12.7-gke.22",
              "1.12.7-gke.21",
              "1.12.7-gke.17",
              "1.12.7-gke.10",
              "1.12.7-gke.7",
              "1.12.6-gke.11",
              "1.12.6-gke.10",
              "1.12.6-gke.7",
              "1.12.5-gke.10",
              "1.12.5-gke.5",
              "1.11.10-gke.6",
              "1.11.10-gke.5"
            ],
            "version_prefix": null
          },
          "sensitive_attributes": []
        }
      ]
    },
    {
      "mode": "data",
      "type": "kubectl_filename_list",
      "name": "manifests",
      "provider": "provider[\"registry.terraform.io/gavinbunney/kubectl\"]",
      "instances": [
        {
          "schema_version": 0,
          "attributes": {
            "basenames": [
              "deploy.yaml",
              "service.yaml"
            ],
            "id": "19cf6fd0090b1bd7f766264ca98bed186ca1ec7d87e0b24a1d2a273af5795f35",
            "matches": [
              "kubernetes-manifests/deploy.yaml",
              "kubernetes-manifests/service.yaml"
            ],
            "pattern": "./kubernetes-manifests/*.yaml"
          },
          "sensitive_attributes": []
        }
      ]
    },
    {
      "mode": "managed",
      "type": "google_compute_network",
      "name": "default",
      "provider": "provider[\"registry.terraform.io/hashicorp/google\"]",
      "instances": [
        {
          "schema_version": 0,
          "attributes": {
            "auto_create_subnetworks": false,
            "delete_default_routes_on_create": false,
            "description": "",
            "gateway_ipv4": "",
            "id": "projects/digital-maker-333106/global/networks/vpc-jenkins",
            "mtu": 0,
            "name": "vpc-jenkins",
            "project": "digital-maker-333106",
            "routing_mode": "REGIONAL",
            "self_link": "https://www.googleapis.com/compute/v1/projects/digital-maker-333106/global/networks/vpc-jenkins",
            "timeouts": null
          },
          "sensitive_attributes": [],
          "private": "eyJlMmJmYjczMC1lY2FhLTExZTYtOGY4OC0zNDM2M2JjN2M0YzAiOnsiY3JlYXRlIjoyNDAwMDAwMDAwMDAsImRlbGV0ZSI6MjQwMDAwMDAwMDAwLCJ1cGRhdGUiOjI0MDAwMDAwMDAwMH19"
        }
      ]
    },
    {
      "mode": "managed",
      "type": "google_compute_subnetwork",
      "name": "default",
      "provider": "provider[\"registry.terraform.io/hashicorp/google\"]",
      "instances": [
        {
          "schema_version": 0,
          "attributes": {
            "creation_timestamp": "2021-11-30T23:21:06.496-08:00",
            "description": "",
            "external_ipv6_prefix": "",
            "fingerprint": null,
            "gateway_address": "10.0.0.1",
            "id": "projects/digital-maker-333106/regions/us-west1/subnetworks/vpc-jenkins",
            "ip_cidr_range": "10.0.0.0/24",
            "ipv6_access_type": "",
            "ipv6_cidr_range": "",
            "log_config": [],
            "name": "vpc-jenkins",
            "network": "https://www.googleapis.com/compute/v1/projects/digital-maker-333106/global/networks/vpc-jenkins",
            "private_ip_google_access": false,
            "private_ipv6_google_access": "DISABLE_GOOGLE_ACCESS",
            "project": "digital-maker-333106",
            "purpose": "PRIVATE",
            "region": "us-west1",
            "role": "",
            "secondary_ip_range": [
              {
                "ip_cidr_range": "10.88.0.0/14",
                "range_name": "gke-gke-cluster-pods-da7823fb"
              },
              {
                "ip_cidr_range": "10.92.0.0/20",
                "range_name": "gke-gke-cluster-services-da7823fb"
              }
            ],
            "self_link": "https://www.googleapis.com/compute/v1/projects/digital-maker-333106/regions/us-west1/subnetworks/vpc-jenkins",
            "stack_type": "IPV4_ONLY",
            "timeouts": null
          },
          "sensitive_attributes": [],
          "private": "eyJlMmJmYjczMC1lY2FhLTExZTYtOGY4OC0zNDM2M2JjN2M0YzAiOnsiY3JlYXRlIjozNjAwMDAwMDAwMDAsImRlbGV0ZSI6MzYwMDAwMDAwMDAwLCJ1cGRhdGUiOjM2MDAwMDAwMDAwMH19",
          "dependencies": [
            "google_compute_network.default"
          ]
        }
      ]
    },
    {
      "mode": "managed",
      "type": "google_container_cluster",
      "name": "default",
      "provider": "provider[\"registry.terraform.io/hashicorp/google\"]",
      "instances": [
        {
          "schema_version": 1,
          "attributes": {
            "addons_config": [
              {
                "cloudrun_config": [],
                "horizontal_pod_autoscaling": [],
                "http_load_balancing": [],
                "network_policy_config": [
                  {
                    "disabled": true
                  }
                ]
              }
            ],
            "authenticator_groups_config": [],
            "cluster_autoscaling": [
              {
                "auto_provisioning_defaults": [],
                "enabled": false,
                "resource_limits": []
              }
            ],
            "cluster_ipv4_cidr": "10.88.0.0/14",
            "confidential_nodes": [],
            "database_encryption": [
              {
                "key_name": "",
                "state": "DECRYPTED"
              }
            ],
            "datapath_provider": "",
            "default_max_pods_per_node": 110,
            "default_snat_status": [
              {
                "disabled": false
              }
            ],
            "description": "",
            "enable_autopilot": false,
            "enable_binary_authorization": false,
            "enable_intranode_visibility": false,
            "enable_kubernetes_alpha": false,
            "enable_legacy_abac": true,
            "enable_shielded_nodes": true,
            "enable_tpu": false,
            "endpoint": "35.230.109.207",
            "id": "projects/digital-maker-333106/locations/us-west1-b/clusters/gke-cluster",
            "initial_node_count": 3,
            "ip_allocation_policy": [
              {
                "cluster_ipv4_cidr_block": "10.88.0.0/14",
                "cluster_secondary_range_name": "gke-gke-cluster-pods-da7823fb",
                "services_ipv4_cidr_block": "10.92.0.0/20",
                "services_secondary_range_name": "gke-gke-cluster-services-da7823fb"
              }
            ],
            "label_fingerprint": "a9dc16a7",
            "location": "us-west1-b",
            "logging_config": [
              {
                "enable_components": [
                  "SYSTEM_COMPONENTS",
                  "WORKLOADS"
                ]
              }
            ],
            "logging_service": "logging.googleapis.com/kubernetes",
            "maintenance_policy": [],
            "master_auth": [
              {
                "client_certificate": "",
                "client_certificate_config": [
                  {
                    "issue_client_certificate": false
                  }
                ],
                "client_key": "",
                "cluster_ca_certificate": "LS0tLS1CRUdJTiBDRVJUSUZJQ0FURS0tLS0tCk1JSUVMRENDQXBTZ0F3SUJBZ0lRRDM2cnMrTUpOUndQdC95aW1FeENYakFOQmdrcWhraUc5dzBCQVFzRkFEQXYKTVMwd0t3WURWUVFERXlSa1lUazNOelF3TkMxbE5qY3hMVFE1WXpjdFltUTBPUzFrT1dWbVptTXdPV1kzTkdJdwpJQmNOTWpFeE1qQXhNRFl5TVRNeFdoZ1BNakExTVRFeE1qUXdOekl4TXpGYU1DOHhMVEFyQmdOVkJBTVRKR1JoCk9UYzNOREEwTFdVMk56RXRORGxqTnkxaVpEUTVMV1E1WldabVl6QTVaamMwWWpDQ0FhSXdEUVlKS29aSWh2Y04KQVFFQkJRQURnZ0dQQURDQ0FZb0NnZ0dCQUptM1R6dWRWSmU0b2tjM0czeG10bFIrT0N1MFRqQ3BBNGlsWjdMRwpQZXRVbDk5empHWlNDRVliZnFPL2tzNWsrTFY2WGI2d1psTmt6Q0JjdUNReWxlZi9uNllpQ1U2UEM4N2pNd0hBCmZkMjZ1cHZucnpSRlV1dENub0hpL2VpWk92TWpadkVkcDlFUTZkVTB1K0lVS2F3QVI3N3kvRENoSkhvY2RNbzQKQWRZajFjRHp1SCtsNEdBamo5L0VTYVJidW1NWXo2MXNiMitmZzM1dUU5aWFJZXNKVHA0Q3VhS0xTblZPNlJQUApKNkZ4Rms4S1lBNlRXTjB4QVRaWDl5SE5nNXo2UG9TOGtUdVFpblZNMkwwN1dVL2NBVzJwQ1BtRXJrNzlveHpkCmx6blFadEc4NGsrTEZwYWNtUmw4aXNONUc3YkU2S2draTBlQTY2YklzeklER0tKN0xDdU1Ma3FUdlNWVlFsTngKSVMzcHBYd3VSQ2taQ2l6RWV2dS9nV0JxTVd2NEVtRkY1Y3JVK3ZLcDNiclp6MDVRWlh2VmQvMEUwaHdRTnpkSAo0bkk4dGFrbmdQRUJyMElqSUdCZ1dpVW1EbUR2elQ1OThqWm1EL01xQXg4Sm5yTmtDbEJvS0Z4M2JibVNBRjliClpxWEswSFJOYTlXQytBZHBicU9wRkc5TVBRSURBUUFCbzBJd1FEQU9CZ05WSFE4QkFmOEVCQU1DQWdRd0R3WUQKVlIwVEFRSC9CQVV3QXdFQi96QWRCZ05WSFE0RUZnUVVONms3K1VCTFNjZXNVby9maEF2aXo4VmoxcEF3RFFZSgpLb1pJaHZjTkFRRUxCUUFEZ2dHQkFJM2ovVDhDTTlxRUJGQzZ4akk2MGZFRzNvTHVzVGFpa3EwTTF4b0RzWWNBCnpGdEpIM0l1OWlrVXlPSkY5LzBHb3diM0toSXFzdlYvMmx0YXo3OS8vRUxIN1M4N2RpcERyS3BDdmZ1UEV3K2EKdkorNG4zdGR6NEdiWFA3RTFUWHdoWDVsNHQ4TDJ2SnRPUXBPN2JpWUlKalFaMzNadHNZUDRKb2VWbzBHcXNrMAoxRjgrOEgwM25FMGw5QXRMOEptUkFDTDR6SjRZcCtnRU5XVGN2cUl4c3BoWTRnRUZkTHg2dERPN09RWXhTalVOCmtNNnRDdjJwbTg4YzFWa3N0alpUVUloUmxuZ0lJSXNJQ1BoSVM2cEhUSmZtbEhaM3NvdFcvR0dsTFdENmFEejIKSTdwQkgyN3Z6eHpxWHZabGpkbGZLVHRpOXBRZTFRVGhHQUZ3Q1RNK09XTU1tYnFqS0hvVk83UEJnWWhhMFB2cwpYbTVYRWJub1QvVS9oKzFudkhYZVkwM3F0NGZweERiSUFhSllXZ0VJOW1xRWVZNkpYVDgrdlUvRjhORGFKTkk2CkFtRStBdjdvcUt4YVErTTZrc0RBT1h6NzJLZlR4UnFlMGNhcWErNUt1S2lFdmJCbG43bWVUa2VMR2pwa3BqOVoKUXZPNHd5OXVoU3NGOHluYWd3VjhEQT09Ci0tLS0tRU5EIENFUlRJRklDQVRFLS0tLS0K"
              }
            ],
            "master_authorized_networks_config": [],
            "master_version": "1.21.6-gke.1500",
            "min_master_version": "1.21.6-gke.1500",
            "monitoring_config": [
              {
                "enable_components": [
                  "SYSTEM_COMPONENTS"
                ]
              }
            ],
            "monitoring_service": "monitoring.googleapis.com/kubernetes",
            "name": "gke-cluster",
            "network": "projects/digital-maker-333106/global/networks/vpc-jenkins",
            "network_policy": [
              {
                "enabled": false,
                "provider": "PROVIDER_UNSPECIFIED"
              }
            ],
            "networking_mode": "VPC_NATIVE",
            "node_config": [
              {
                "disk_size_gb": 100,
                "disk_type": "pd-standard",
                "gcfs_config": [],
                "guest_accelerator": [],
                "image_type": "COS_CONTAINERD",
                "labels": {},
                "local_ssd_count": 0,
                "machine_type": "e2-standard-2",
                "metadata": {
                  "disable-legacy-endpoints": "true"
                },
                "min_cpu_platform": "",
                "oauth_scopes": [
                  "https://www.googleapis.com/auth/logging.write",
                  "https://www.googleapis.com/auth/monitoring"
                ],
                "preemptible": false,
                "service_account": "default",
                "shielded_instance_config": [
                  {
                    "enable_integrity_monitoring": true,
                    "enable_secure_boot": false
                  }
                ],
                "tags": [],
                "taint": [],
                "workload_metadata_config": []
              }
            ],
            "node_locations": [],
            "node_pool": [
              {
                "autoscaling": [],
                "initial_node_count": 3,
                "instance_group_urls": [
                  "https://www.googleapis.com/compute/v1/projects/digital-maker-333106/zones/us-west1-b/instanceGroupManagers/gke-gke-cluster-default-pool-e272d212-grp"
                ],
                "managed_instance_group_urls": [
                  "https://www.googleapis.com/compute/v1/projects/digital-maker-333106/zones/us-west1-b/instanceGroups/gke-gke-cluster-default-pool-e272d212-grp"
                ],
                "management": [
                  {
                    "auto_repair": true,
                    "auto_upgrade": true
                  }
                ],
                "max_pods_per_node": 110,
                "name": "default-pool",
                "name_prefix": "",
                "node_config": [
                  {
                    "disk_size_gb": 100,
                    "disk_type": "pd-standard",
                    "gcfs_config": [],
                    "guest_accelerator": [],
                    "image_type": "COS_CONTAINERD",
                    "labels": {},
                    "local_ssd_count": 0,
                    "machine_type": "e2-standard-2",
                    "metadata": {
                      "disable-legacy-endpoints": "true"
                    },
                    "min_cpu_platform": "",
                    "oauth_scopes": [
                      "https://www.googleapis.com/auth/logging.write",
                      "https://www.googleapis.com/auth/monitoring"
                    ],
                    "preemptible": false,
                    "service_account": "default",
                    "shielded_instance_config": [
                      {
                        "enable_integrity_monitoring": true,
                        "enable_secure_boot": false
                      }
                    ],
                    "tags": [],
                    "taint": [],
                    "workload_metadata_config": []
                  }
                ],
                "node_count": 3,
                "node_locations": [
                  "us-west1-b"
                ],
                "upgrade_settings": [
                  {
                    "max_surge": 1,
                    "max_unavailable": 0
                  }
                ],
                "version": "1.21.6-gke.1500"
              }
            ],
            "node_version": "1.21.6-gke.1500",
            "operation": null,
            "private_cluster_config": [],
            "private_ipv6_google_access": "",
            "project": "digital-maker-333106",
            "release_channel": [
              {
                "channel": "UNSPECIFIED"
              }
            ],
            "remove_default_node_pool": null,
            "resource_labels": {},
            "resource_usage_export_config": [],
            "self_link": "https://container.googleapis.com/v1/projects/digital-maker-333106/zones/us-west1-b/clusters/gke-cluster",
            "services_ipv4_cidr": "10.92.0.0/20",
            "subnetwork": "projects/digital-maker-333106/regions/us-west1/subnetworks/vpc-jenkins",
            "timeouts": null,
            "tpu_ipv4_cidr_block": "",
            "vertical_pod_autoscaling": [],
            "workload_identity_config": []
          },
          "sensitive_attributes": [],
          "private": "eyJlMmJmYjczMC1lY2FhLTExZTYtOGY4OC0zNDM2M2JjN2M0YzAiOnsiY3JlYXRlIjoyNDAwMDAwMDAwMDAwLCJkZWxldGUiOjI0MDAwMDAwMDAwMDAsInJlYWQiOjI0MDAwMDAwMDAwMDAsInVwZGF0ZSI6MzYwMDAwMDAwMDAwMH0sInNjaGVtYV92ZXJzaW9uIjoiMSJ9",
          "dependencies": [
            "google_compute_network.default",
            "google_compute_subnetwork.default",
            "data.google_container_engine_versions.default"
          ]
        }
      ]
    },
    {
      "mode": "managed",
      "type": "kubectl_manifest",
      "name": "test",
      "provider": "provider[\"registry.terraform.io/gavinbunney/kubectl\"]",
      "instances": [
        {
          "index_key": 0,
          "schema_version": 1,
          "attributes": {
            "api_version": "apps/v1",
            "force_new": false,
            "id": "/apis/apps/v1/namespaces/default/deployments/jenkins",
            "ignore_fields": null,
            "kind": "Deployment",
            "live_manifest_incluster": "01840d08068498af62b9a1567bfe88c67cacc9fd072ac6d5ed94705662da3c2b",
            "live_uid": "9a3d2985-9478-4859-9e0a-48d208827eae",
            "name": "jenkins",
            "namespace": null,
            "override_namespace": null,
            "sensitive_fields": null,
            "server_side_apply": false,
            "timeouts": null,
            "uid": "9a3d2985-9478-4859-9e0a-48d208827eae",
            "validate_schema": true,
            "wait": null,
            "wait_for_rollout": true,
            "yaml_body": "apiVersion: apps/v1\nkind: Deployment\nmetadata:\n  name: jenkins\nspec:\n  replicas: 1\n  selector:\n    matchLabels:\n      app: jenkins\n  template:\n    metadata:\n      labels:\n        app: jenkins\n    spec:\n      containers:\n      - name: jenkins\n        image: jenkins/jenkins:lts-jdk11\n        ports:\n        - containerPort: 8080\n        volumeMounts:\n        - name: jenkins-home\n          mountPath: /var/jenkins_home\n      volumes:\n      - name: jenkins-home\n        emptyDir: { }",
            "yaml_body_parsed": "apiVersion: apps/v1\nkind: Deployment\nmetadata:\n  name: jenkins\nspec:\n  replicas: 1\n  selector:\n    matchLabels:\n      app: jenkins\n  template:\n    metadata:\n      labels:\n        app: jenkins\n    spec:\n      containers:\n      - image: jenkins/jenkins:lts-jdk11\n        name: jenkins\n        ports:\n        - containerPort: 8080\n        volumeMounts:\n        - mountPath: /var/jenkins_home\n          name: jenkins-home\n      volumes:\n      - emptyDir: {}\n        name: jenkins-home\n",
            "yaml_incluster": "01840d08068498af62b9a1567bfe88c67cacc9fd072ac6d5ed94705662da3c2b"
          },
          "sensitive_attributes": [],
          "private": "eyJlMmJmYjczMC1lY2FhLTExZTYtOGY4OC0zNDM2M2JjN2M0YzAiOnsiY3JlYXRlIjo2MDAwMDAwMDAwMDB9LCJzY2hlbWFfdmVyc2lvbiI6IjEifQ==",
          "dependencies": [
            "data.kubectl_filename_list.manifests"
          ]
        },
        {
          "index_key": 1,
          "schema_version": 1,
          "attributes": {
            "api_version": "v1",
            "force_new": false,
            "id": "/api/v1/namespaces/default/services/jenkins",
            "ignore_fields": null,
            "kind": "Service",
            "live_manifest_incluster": "a7434e5f96f7b45317d466d2db7e86ebbd95d5a43c7525acf46f3be3144ff102",
            "live_uid": "ef08d799-e979-4d87-b7b7-4242c82e0095",
            "name": "jenkins",
            "namespace": null,
            "override_namespace": null,
            "sensitive_fields": null,
            "server_side_apply": false,
            "timeouts": null,
            "uid": "ef08d799-e979-4d87-b7b7-4242c82e0095",
            "validate_schema": true,
            "wait": null,
            "wait_for_rollout": true,
            "yaml_body": "apiVersion: v1\nkind: Service\nmetadata:\n  name: jenkins\nspec:\n  type: LoadBalancer\n  ports:\n  - port: 8080\n    targetPort: 8080\n  selector:\n    app: jenkins",
            "yaml_body_parsed": "apiVersion: v1\nkind: Service\nmetadata:\n  name: jenkins\nspec:\n  ports:\n  - port: 8080\n    targetPort: 8080\n  selector:\n    app: jenkins\n  type: LoadBalancer\n",
            "yaml_incluster": "a7434e5f96f7b45317d466d2db7e86ebbd95d5a43c7525acf46f3be3144ff102"
          },
          "sensitive_attributes": [],
          "private": "eyJlMmJmYjczMC1lY2FhLTExZTYtOGY4OC0zNDM2M2JjN2M0YzAiOnsiY3JlYXRlIjo2MDAwMDAwMDAwMDB9LCJzY2hlbWFfdmVyc2lvbiI6IjEifQ==",
          "dependencies": [
            "data.kubectl_filename_list.manifests"
          ]
        }
      ]
    }
  ]
}
